
Microsoft Visual Studio Solution File, Format Version 12.00
# Visual Studio 15
VisualStudioVersion = 15.0.27130.2010
MinimumVisualStudioVersion = 10.0.40219.1
Project("{8BC9CEB8-8B4A-11D0-8D11-00A0C91BC942}") = "Dec_trianglesV3", "Dec_trianglesV3\Dec_trianglesV3.vcxproj", "{DD441CB8-E8B5-4810-9D6B-5A308EF93DFD}"
EndProject
Global
	GlobalSection(SolutionConfigurationPlatforms) = preSolution
		Debug|x64 = Debug|x64
		Debug|x86 = Debug|x86
		Release|x64 = Release|x64
		Release|x86 = Release|x86
	EndGlobalSection
	GlobalSection(ProjectConfigurationPlatforms) = postSolution
		{DD441CB8-E8B5-4810-9D6B-5A308EF93DFD}.Debug|x64.ActiveCfg = Debug|x64
		{DD441CB8-E8B5-4810-9D6B-5A308EF93DFD}.Debug|x64.Build.0 = Debug|x64
		{DD441CB8-E8B5-4810-9D6B-5A308EF93DFD}.Debug|x86.ActiveCfg = Debug|Win32
		{DD441CB8-E8B5-4810-9D6B-5A308EF93DFD}.Debug|x86.Build.0 = Debug|Win32
		{DD441CB8-E8B5-4810-9D6B-5A308EF93DFD}.Release|x64.ActiveCfg = Release|x64
		{DD441CB8-E8B5-4810-9D6B-5A308EF93DFD}.Release|x64.Build.0 = Release|x64
		{DD441CB8-E8B5-4810-9D6B-5A308EF93DFD}.Release|x86.ActiveCfg = Release|Win32
		{DD441CB8-E8B5-4810-9D6B-5A308EF93DFD}.Release|x86.Build.0 = Release|Win32
	EndGlobalSection
	GlobalSection(SolutionProperties) = preSolution
		HideSolutionNode = FALSE
	EndGlobalSection
	GlobalSection(ExtensibilityGlobals) = postSolution
		SolutionGuid = {728DA9F5-554B-4D4A-83CB-80EABF807A3B}
	EndGlobalSection
EndGlobal
